
Microsoft Visual Studio Solution File, Format Version 12.00
# Visual Studio 15
VisualStudioVersion = 15.0.27703.2035
MinimumVisualStudioVersion = 10.0.40219.1
Project("{00D1A9C2-B5F0-4AF3-8072-F6C62B433612}") = "Goal-Based-Database", "Goal-Based-Database\Goal-Based-Database.sqlproj", "{BDBA52FD-49FA-440D-B75E-5B8505022FEE}"
EndProject
Global
	GlobalSection(SolutionConfigurationPlatforms) = preSolution
		Debug|Any CPU = Debug|Any CPU
		Release|Any CPU = Release|Any CPU
	EndGlobalSection
	GlobalSection(ProjectConfigurationPlatforms) = postSolution
		{BDBA52FD-49FA-440D-B75E-5B8505022FEE}.Debug|Any CPU.ActiveCfg = Debug|Any CPU
		{BDBA52FD-49FA-440D-B75E-5B8505022FEE}.Debug|Any CPU.Build.0 = Debug|Any CPU
		{BDBA52FD-49FA-440D-B75E-5B8505022FEE}.Debug|Any CPU.Deploy.0 = Debug|Any CPU
		{BDBA52FD-49FA-440D-B75E-5B8505022FEE}.Release|Any CPU.ActiveCfg = Release|Any CPU
		{BDBA52FD-49FA-440D-B75E-5B8505022FEE}.Release|Any CPU.Build.0 = Release|Any CPU
		{BDBA52FD-49FA-440D-B75E-5B8505022FEE}.Release|Any CPU.Deploy.0 = Release|Any CPU
	EndGlobalSection
	GlobalSection(SolutionProperties) = preSolution
		HideSolutionNode = FALSE
	EndGlobalSection
	GlobalSection(ExtensibilityGlobals) = postSolution
		SolutionGuid = {834B75A9-287A-4B02-9F00-BCAE3BCC419C}
	EndGlobalSection
EndGlobal
